
Microsoft Visual Studio Solution File, Format Version 12.00
# Visual Studio Version 16
VisualStudioVersion = 16.0.30611.23
MinimumVisualStudioVersion = 10.0.40219.1
Project("{FAE04EC0-301F-11D3-BF4B-00C04F79EFBC}") = "CalculatorGUILab", "CalculatorGUILab.csproj", "{3A3CB771-D17D-482E-A9AC-33F92E3AAE32}"
EndProject
Global
	GlobalSection(SolutionConfigurationPlatforms) = preSolution
		Debug|Any CPU = Debug|Any CPU
		Release|Any CPU = Release|Any CPU
	EndGlobalSection
	GlobalSection(ProjectConfigurationPlatforms) = postSolution
		{3A3CB771-D17D-482E-A9AC-33F92E3AAE32}.Debug|Any CPU.ActiveCfg = Debug|Any CPU
		{3A3CB771-D17D-482E-A9AC-33F92E3AAE32}.Debug|Any CPU.Build.0 = Debug|Any CPU
		{3A3CB771-D17D-482E-A9AC-33F92E3AAE32}.Release|Any CPU.ActiveCfg = Release|Any CPU
		{3A3CB771-D17D-482E-A9AC-33F92E3AAE32}.Release|Any CPU.Build.0 = Release|Any CPU
	EndGlobalSection
	GlobalSection(SolutionProperties) = preSolution
		HideSolutionNode = FALSE
	EndGlobalSection
	GlobalSection(ExtensibilityGlobals) = postSolution
		SolutionGuid = {CB0C4A26-F5DB-4FB0-9BDC-8D78B9EC578B}
	EndGlobalSection
EndGlobal
